
Microsoft Visual Studio Solution File, Format Version 12.00
# Visual Studio 15
VisualStudioVersion = 15.0.28307.757
MinimumVisualStudioVersion = 10.0.40219.1
Project("{E24C65DC-7377-472B-9ABA-BC803B73C61A}") = "SimpleWebForm", "SimpleWebForm\", "{99F5AEFB-A5C4-49CA-9985-68CD62FE561A}"
	ProjectSection(WebsiteProperties) = preProject
		TargetFrameworkMoniker = ".NETFramework,Version%3Dv4.6.1"
		Debug.AspNetCompiler.VirtualPath = "/localhost_64131"
		Debug.AspNetCompiler.PhysicalPath = "SimpleWebForm\"
		Debug.AspNetCompiler.TargetPath = "PrecompiledWeb\localhost_64131\"
		Debug.AspNetCompiler.Updateable = "true"
		Debug.AspNetCompiler.ForceOverwrite = "true"
		Debug.AspNetCompiler.FixedNames = "false"
		Debug.AspNetCompiler.Debug = "True"
		Release.AspNetCompiler.VirtualPath = "/localhost_64131"
		Release.AspNetCompiler.PhysicalPath = "SimpleWebForm\"
		Release.AspNetCompiler.TargetPath = "PrecompiledWeb\localhost_64131\"
		Release.AspNetCompiler.Updateable = "true"
		Release.AspNetCompiler.ForceOverwrite = "true"
		Release.AspNetCompiler.FixedNames = "false"
		Release.AspNetCompiler.Debug = "False"
		VWDPort = "64131"
		SlnRelativePath = "SimpleWebForm\"
		DefaultWebSiteLanguage = "Visual C#"
	EndProjectSection
EndProject
Global
	GlobalSection(SolutionConfigurationPlatforms) = preSolution
		Debug|Any CPU = Debug|Any CPU
	EndGlobalSection
	GlobalSection(ProjectConfigurationPlatforms) = postSolution
		{99F5AEFB-A5C4-49CA-9985-68CD62FE561A}.Debug|Any CPU.ActiveCfg = Debug|Any CPU
		{99F5AEFB-A5C4-49CA-9985-68CD62FE561A}.Debug|Any CPU.Build.0 = Debug|Any CPU
	EndGlobalSection
	GlobalSection(SolutionProperties) = preSolution
		HideSolutionNode = FALSE
	EndGlobalSection
	GlobalSection(ExtensibilityGlobals) = postSolution
		SolutionGuid = {CB564871-9EB8-4DA4-BA2D-ED83A99939DA}
	EndGlobalSection
EndGlobal
